
Microsoft Visual Studio Solution File, Format Version 12.00
Project("{FAE04EC0-301F-11D3-BF4B-00C04F79EFBC}") = "Betting", "Betting\Betting.csproj", "{34CD370B-BD38-4DE4-B9EF-61D6E6F63B28}"
EndProject
Global
	GlobalSection(SolutionConfigurationPlatforms) = preSolution
		Debug|Any CPU = Debug|Any CPU
		Release|Any CPU = Release|Any CPU
	EndGlobalSection
	GlobalSection(ProjectConfigurationPlatforms) = postSolution
		{34CD370B-BD38-4DE4-B9EF-61D6E6F63B28}.Debug|Any CPU.ActiveCfg = Debug|Any CPU
		{34CD370B-BD38-4DE4-B9EF-61D6E6F63B28}.Debug|Any CPU.Build.0 = Debug|Any CPU
		{34CD370B-BD38-4DE4-B9EF-61D6E6F63B28}.Release|Any CPU.ActiveCfg = Release|Any CPU
		{34CD370B-BD38-4DE4-B9EF-61D6E6F63B28}.Release|Any CPU.Build.0 = Release|Any CPU
	EndGlobalSection
EndGlobal
